
Microsoft Visual Studio Solution File, Format Version 12.00
# Visual Studio Version 16
VisualStudioVersion = 16.6.30114.105
MinimumVisualStudioVersion = 10.0.40219.1
Project("{FAE04EC0-301F-11D3-BF4B-00C04F79EFBC}") = "API", "API\API.csproj", "{E4E00D65-1D41-474B-BBE7-4C7AF3B15C09}"
EndProject
Project("{FAE04EC0-301F-11D3-BF4B-00C04F79EFBC}") = "Application", "Application\Application.csproj", "{995DE45E-BC44-4CA8-BC4B-82FCA5DE1A7A}"
EndProject
Project("{FAE04EC0-301F-11D3-BF4B-00C04F79EFBC}") = "Persistence", "Persistence\Persistence.csproj", "{B8ABE6A0-2784-4683-8498-9B4F6E7F0D69}"
EndProject
Project("{FAE04EC0-301F-11D3-BF4B-00C04F79EFBC}") = "Domain", "Domain\Domain.csproj", "{D06DCC04-A91B-470F-89F5-4601A2BF0972}"
EndProject
Global
	GlobalSection(SolutionConfigurationPlatforms) = preSolution
		Debug|Any CPU = Debug|Any CPU
		Debug|x64 = Debug|x64
		Debug|x86 = Debug|x86
		Release|Any CPU = Release|Any CPU
		Release|x64 = Release|x64
		Release|x86 = Release|x86
	EndGlobalSection
	GlobalSection(SolutionProperties) = preSolution
		HideSolutionNode = FALSE
	EndGlobalSection
	GlobalSection(ProjectConfigurationPlatforms) = postSolution
		{E4E00D65-1D41-474B-BBE7-4C7AF3B15C09}.Debug|Any CPU.ActiveCfg = Debug|Any CPU
		{E4E00D65-1D41-474B-BBE7-4C7AF3B15C09}.Debug|Any CPU.Build.0 = Debug|Any CPU
		{E4E00D65-1D41-474B-BBE7-4C7AF3B15C09}.Debug|x64.ActiveCfg = Debug|Any CPU
		{E4E00D65-1D41-474B-BBE7-4C7AF3B15C09}.Debug|x64.Build.0 = Debug|Any CPU
		{E4E00D65-1D41-474B-BBE7-4C7AF3B15C09}.Debug|x86.ActiveCfg = Debug|Any CPU
		{E4E00D65-1D41-474B-BBE7-4C7AF3B15C09}.Debug|x86.Build.0 = Debug|Any CPU
		{E4E00D65-1D41-474B-BBE7-4C7AF3B15C09}.Release|Any CPU.ActiveCfg = Release|Any CPU
		{E4E00D65-1D41-474B-BBE7-4C7AF3B15C09}.Release|Any CPU.Build.0 = Release|Any CPU
		{E4E00D65-1D41-474B-BBE7-4C7AF3B15C09}.Release|x64.ActiveCfg = Release|Any CPU
		{E4E00D65-1D41-474B-BBE7-4C7AF3B15C09}.Release|x64.Build.0 = Release|Any CPU
		{E4E00D65-1D41-474B-BBE7-4C7AF3B15C09}.Release|x86.ActiveCfg = Release|Any CPU
		{E4E00D65-1D41-474B-BBE7-4C7AF3B15C09}.Release|x86.Build.0 = Release|Any CPU
		{995DE45E-BC44-4CA8-BC4B-82FCA5DE1A7A}.Debug|Any CPU.ActiveCfg = Debug|Any CPU
		{995DE45E-BC44-4CA8-BC4B-82FCA5DE1A7A}.Debug|Any CPU.Build.0 = Debug|Any CPU
		{995DE45E-BC44-4CA8-BC4B-82FCA5DE1A7A}.Debug|x64.ActiveCfg = Debug|Any CPU
		{995DE45E-BC44-4CA8-BC4B-82FCA5DE1A7A}.Debug|x64.Build.0 = Debug|Any CPU
		{995DE45E-BC44-4CA8-BC4B-82FCA5DE1A7A}.Debug|x86.ActiveCfg = Debug|Any CPU
		{995DE45E-BC44-4CA8-BC4B-82FCA5DE1A7A}.Debug|x86.Build.0 = Debug|Any CPU
		{995DE45E-BC44-4CA8-BC4B-82FCA5DE1A7A}.Release|Any CPU.ActiveCfg = Release|Any CPU
		{995DE45E-BC44-4CA8-BC4B-82FCA5DE1A7A}.Release|Any CPU.Build.0 = Release|Any CPU
		{995DE45E-BC44-4CA8-BC4B-82FCA5DE1A7A}.Release|x64.ActiveCfg = Release|Any CPU
		{995DE45E-BC44-4CA8-BC4B-82FCA5DE1A7A}.Release|x64.Build.0 = Release|Any CPU
		{995DE45E-BC44-4CA8-BC4B-82FCA5DE1A7A}.Release|x86.ActiveCfg = Release|Any CPU
		{995DE45E-BC44-4CA8-BC4B-82FCA5DE1A7A}.Release|x86.Build.0 = Release|Any CPU
		{B8ABE6A0-2784-4683-8498-9B4F6E7F0D69}.Debug|Any CPU.ActiveCfg = Debug|Any CPU
		{B8ABE6A0-2784-4683-8498-9B4F6E7F0D69}.Debug|Any CPU.Build.0 = Debug|Any CPU
		{B8ABE6A0-2784-4683-8498-9B4F6E7F0D69}.Debug|x64.ActiveCfg = Debug|Any CPU
		{B8ABE6A0-2784-4683-8498-9B4F6E7F0D69}.Debug|x64.Build.0 = Debug|Any CPU
		{B8ABE6A0-2784-4683-8498-9B4F6E7F0D69}.Debug|x86.ActiveCfg = Debug|Any CPU
		{B8ABE6A0-2784-4683-8498-9B4F6E7F0D69}.Debug|x86.Build.0 = Debug|Any CPU
		{B8ABE6A0-2784-4683-8498-9B4F6E7F0D69}.Release|Any CPU.ActiveCfg = Release|Any CPU
		{B8ABE6A0-2784-4683-8498-9B4F6E7F0D69}.Release|Any CPU.Build.0 = Release|Any CPU
		{B8ABE6A0-2784-4683-8498-9B4F6E7F0D69}.Release|x64.ActiveCfg = Release|Any CPU
		{B8ABE6A0-2784-4683-8498-9B4F6E7F0D69}.Release|x64.Build.0 = Release|Any CPU
		{B8ABE6A0-2784-4683-8498-9B4F6E7F0D69}.Release|x86.ActiveCfg = Release|Any CPU
		{B8ABE6A0-2784-4683-8498-9B4F6E7F0D69}.Release|x86.Build.0 = Release|Any CPU
		{D06DCC04-A91B-470F-89F5-4601A2BF0972}.Debug|Any CPU.ActiveCfg = Debug|Any CPU
		{D06DCC04-A91B-470F-89F5-4601A2BF0972}.Debug|Any CPU.Build.0 = Debug|Any CPU
		{D06DCC04-A91B-470F-89F5-4601A2BF0972}.Debug|x64.ActiveCfg = Debug|Any CPU
		{D06DCC04-A91B-470F-89F5-4601A2BF0972}.Debug|x64.Build.0 = Debug|Any CPU
		{D06DCC04-A91B-470F-89F5-4601A2BF0972}.Debug|x86.ActiveCfg = Debug|Any CPU
		{D06DCC04-A91B-470F-89F5-4601A2BF0972}.Debug|x86.Build.0 = Debug|Any CPU
		{D06DCC04-A91B-470F-89F5-4601A2BF0972}.Release|Any CPU.ActiveCfg = Release|Any CPU
		{D06DCC04-A91B-470F-89F5-4601A2BF0972}.Release|Any CPU.Build.0 = Release|Any CPU
		{D06DCC04-A91B-470F-89F5-4601A2BF0972}.Release|x64.ActiveCfg = Release|Any CPU
		{D06DCC04-A91B-470F-89F5-4601A2BF0972}.Release|x64.Build.0 = Release|Any CPU
		{D06DCC04-A91B-470F-89F5-4601A2BF0972}.Release|x86.ActiveCfg = Release|Any CPU
		{D06DCC04-A91B-470F-89F5-4601A2BF0972}.Release|x86.Build.0 = Release|Any CPU
	EndGlobalSection
EndGlobal
